// !$*UTF8*$!
{
	archiveVersion = 1;
	classes = {
	};
	objectVersion = 46;
	objects = {

/* Begin PBXBuildFile section */
		05F0DC7D215A492BA2BF38DB /* (null) in Resources */ = {isa = PBXBuildFile; };
		081C5DCBAF7747F29143A7B2 /* (null) in Resources */ = {isa = PBXBuildFile; };
		08893D91E8324F20A1CB7B99 /* Prompt-ExtraBold.ttf in Resources */ = {isa = PBXBuildFile; fileRef = 0924E0AA06284895947A9058 /* Prompt-ExtraBold.ttf */; };
		08A37DCBF1874DDB821E96E2 /* (null) in Resources */ = {isa = PBXBuildFile; };
		0D692DC7853D4DECB9968597 /* (null) in Resources */ = {isa = PBXBuildFile; };
		13B07FBC1A68108700A75B9A /* AppDelegate.m in Sources */ = {isa = PBXBuildFile; fileRef = 13B07FB01A68108700A75B9A /* AppDelegate.m */; };
		13B07FBF1A68108700A75B9A /* Images.xcassets in Resources */ = {isa = PBXBuildFile; fileRef = 13B07FB51A68108700A75B9A /* Images.xcassets */; };
		13B07FC11A68108700A75B9A /* main.m in Sources */ = {isa = PBXBuildFile; fileRef = 13B07FB71A68108700A75B9A /* main.m */; };
		1DBA43B09B7742CAA3336A3B /* Prompt-Black.ttf in Resources */ = {isa = PBXBuildFile; fileRef = 1C613A4702724DCEA75DE99B /* Prompt-Black.ttf */; };
		1DC5DD5C64BE4DB6876498B2 /* Prompt.ttf in Resources */ = {isa = PBXBuildFile; fileRef = 4EFCC0FF17D042048ECFFD23 /* Prompt.ttf */; };
		29D436AE6EBE4A3D9033902A /* Prompt-SemiBoldItalic.ttf in Resources */ = {isa = PBXBuildFile; fileRef = 2A5A2CDAFEC2486EA4268877 /* Prompt-SemiBoldItalic.ttf */; };
		307C8B58159647B7928EF803 /* Prompt-ThinItalic.ttf in Resources */ = {isa = PBXBuildFile; fileRef = 2F6E9B653B044F4FA57E152F /* Prompt-ThinItalic.ttf */; };
		3ED53526BC8045809EFADEEF /* (null) in Resources */ = {isa = PBXBuildFile; };
		3FD7302BFC714FC8B4FD38C7 /* Prompt-ExtraLightItalic.ttf in Resources */ = {isa = PBXBuildFile; fileRef = 775792EF0A3F478E979586E4 /* Prompt-ExtraLightItalic.ttf */; };
		4C1692EF69BA47D0AE7B9A4E /* (null) in Resources */ = {isa = PBXBuildFile; };
		4D1976E30D784C199790D1A9 /* Prompt-Regular.ttf in Resources */ = {isa = PBXBuildFile; fileRef = 6C8E1FFC3A5E48B8998E54C4 /* Prompt-Regular.ttf */; };
		6D733537F7FC4405A008E6D8 /* (null) in Resources */ = {isa = PBXBuildFile; };
		6F72F9111FEA4322AE8452B4 /* Prompt-LightItalic.ttf in Resources */ = {isa = PBXBuildFile; fileRef = D9790A306A14407D95088CA1 /* Prompt-LightItalic.ttf */; };
		77C6E1BCB5F14FB9BE4FF235 /* (null) in Resources */ = {isa = PBXBuildFile; };
		839C411D23084F93008AF109 /* RNBackgroundFetch+AppDelegate.m in Sources */ = {isa = PBXBuildFile; fileRef = 839C411C23084F93008AF109 /* RNBackgroundFetch+AppDelegate.m */; };
		9061E0BAF85344DF89EE3628 /* libz.tbd in Frameworks */ = {isa = PBXBuildFile; fileRef = 59734E132FCC4616AE67D544 /* libz.tbd */; };
		940E7B116F054DAB9980A809 /* (null) in Resources */ = {isa = PBXBuildFile; };
		97A91DC475884C64BD64FB51 /* (null) in Resources */ = {isa = PBXBuildFile; };
		99ECEB03AC804ABD9CEB0E85 /* (null) in Resources */ = {isa = PBXBuildFile; };
		A0FAD7A3E7E64112A5B2FC3F /* Prompt-BlackItalic.ttf in Resources */ = {isa = PBXBuildFile; fileRef = 7882F728D05D4C1E92C77C02 /* Prompt-BlackItalic.ttf */; };
		ADB4F028F5C44E0FBB866170 /* Prompt-ExtraLight.ttf in Resources */ = {isa = PBXBuildFile; fileRef = 437322D981D2467BA31FC7FD /* Prompt-ExtraLight.ttf */; };
		B4669962E2DE800A477E7034 /* libPods-ThaiAlert.a in Frameworks */ = {isa = PBXBuildFile; fileRef = AFD13135D063CB2AF1642B7E /* libPods-ThaiAlert.a */; };
		B85CF3C06DDE463FB58A9D3A /* Prompt-MediumItalic.ttf in Resources */ = {isa = PBXBuildFile; fileRef = 3F5543A345A54E0796816BBF /* Prompt-MediumItalic.ttf */; };
		BC81F525AE454F1A852B2534 /* (null) in Resources */ = {isa = PBXBuildFile; };
		CEB9E88018834E95A877D93B /* (null) in Resources */ = {isa = PBXBuildFile; };
		CECB959EEA9442C8B56609BE /* Prompt-Light.ttf in Resources */ = {isa = PBXBuildFile; fileRef = B1DC8D8810EF48428CC97DA6 /* Prompt-Light.ttf */; };
		D988E8EF24301732009500DC /* Launch Screen.storyboard in Resources */ = {isa = PBXBuildFile; fileRef = D988E8EE24301732009500DC /* Launch Screen.storyboard */; };
		D9A1677C4B1A4B2086735166 /* (null) in Resources */ = {isa = PBXBuildFile; };
		E0F298E8D5F44083A6E4664B /* Prompt-Thin.ttf in Resources */ = {isa = PBXBuildFile; fileRef = 4DD441D0C38B4FF8B5740C5D /* Prompt-Thin.ttf */; };
		E7064FF4ED4F45BCADE462EA /* Prompt-ExtraBoldItalic.ttf in Resources */ = {isa = PBXBuildFile; fileRef = 17E1D3226CB74158A6A1C6EC /* Prompt-ExtraBoldItalic.ttf */; };
		E73A414341994E54A32BB718 /* (null) in Resources */ = {isa = PBXBuildFile; };
		EA9D60E8AFD549DB80919AE4 /* Prompt-Italic.ttf in Resources */ = {isa = PBXBuildFile; fileRef = 98138CBE0C1C42268A70FD98 /* Prompt-Italic.ttf */; };
		EF158EC2AE9B44499DED0589 /* (null) in Resources */ = {isa = PBXBuildFile; };
		EF2EF421FB4C4364A32726BD /* (null) in Resources */ = {isa = PBXBuildFile; };
		F2B20B08EF5A46C8A27524A9 /* Prompt-Bold.ttf in Resources */ = {isa = PBXBuildFile; fileRef = 6753B51E68A04ABD984F59EF /* Prompt-Bold.ttf */; };
		F977A24453654EE392236A12 /* Prompt-BoldItalic.ttf in Resources */ = {isa = PBXBuildFile; fileRef = 0FDBC3A7DB8E4AA5AAC44D89 /* Prompt-BoldItalic.ttf */; };
		FB49C6F0AA654674A730551E /* Prompt-SemiBold.ttf in Resources */ = {isa = PBXBuildFile; fileRef = F27A3CF1E48C46D6BE032711 /* Prompt-SemiBold.ttf */; };
		FC83681864C942E3839E94D1 /* (null) in Resources */ = {isa = PBXBuildFile; };
/* End PBXBuildFile section */

/* Begin PBXFileReference section */
		008F07F21AC5B25A0029DE68 /* main.jsbundle */ = {isa = PBXFileReference; fileEncoding = 4; lastKnownFileType = text; path = main.jsbundle; sourceTree = "<group>"; };
		00E356F11AD99517003FC87E /* Info.plist */ = {isa = PBXFileReference; lastKnownFileType = text.plist.xml; path = Info.plist; sourceTree = "<group>"; };
		00E356F21AD99517003FC87E /* ThaiAlertTests.m */ = {isa = PBXFileReference; lastKnownFileType = sourcecode.c.objc; path = ThaiAlertTests.m; sourceTree = "<group>"; };
		0924E0AA06284895947A9058 /* Prompt-ExtraBold.ttf */ = {isa = PBXFileReference; explicitFileType = undefined; fileEncoding = 9; includeInIndex = 0; lastKnownFileType = unknown; name = "Prompt-ExtraBold.ttf"; path = "../assets/fonts/Prompt-ExtraBold.ttf"; sourceTree = "<group>"; };
		0FDBC3A7DB8E4AA5AAC44D89 /* Prompt-BoldItalic.ttf */ = {isa = PBXFileReference; explicitFileType = undefined; fileEncoding = 9; includeInIndex = 0; lastKnownFileType = unknown; name = "Prompt-BoldItalic.ttf"; path = "../assets/fonts/Prompt-BoldItalic.ttf"; sourceTree = "<group>"; };
		13B07F961A680F5B00A75B9A /* ThaiAlert.app */ = {isa = PBXFileReference; explicitFileType = wrapper.application; includeInIndex = 0; path = ThaiAlert.app; sourceTree = BUILT_PRODUCTS_DIR; };
		13B07FAF1A68108700A75B9A /* AppDelegate.h */ = {isa = PBXFileReference; fileEncoding = 4; lastKnownFileType = sourcecode.c.h; name = AppDelegate.h; path = ThaiAlert/AppDelegate.h; sourceTree = "<group>"; };
		13B07FB01A68108700A75B9A /* AppDelegate.m */ = {isa = PBXFileReference; fileEncoding = 4; lastKnownFileType = sourcecode.c.objc; name = AppDelegate.m; path = ThaiAlert/AppDelegate.m; sourceTree = "<group>"; };
		13B07FB51A68108700A75B9A /* Images.xcassets */ = {isa = PBXFileReference; lastKnownFileType = folder.assetcatalog; name = Images.xcassets; path = ThaiAlert/Images.xcassets; sourceTree = "<group>"; };
		13B07FB61A68108700A75B9A /* Info.plist */ = {isa = PBXFileReference; fileEncoding = 4; lastKnownFileType = text.plist.xml; name = Info.plist; path = ThaiAlert/Info.plist; sourceTree = "<group>"; };
		13B07FB71A68108700A75B9A /* main.m */ = {isa = PBXFileReference; fileEncoding = 4; lastKnownFileType = sourcecode.c.objc; name = main.m; path = ThaiAlert/main.m; sourceTree = "<group>"; };
		17E1D3226CB74158A6A1C6EC /* Prompt-ExtraBoldItalic.ttf */ = {isa = PBXFileReference; explicitFileType = undefined; fileEncoding = 9; includeInIndex = 0; lastKnownFileType = unknown; name = "Prompt-ExtraBoldItalic.ttf"; path = "../assets/fonts/Prompt-ExtraBoldItalic.ttf"; sourceTree = "<group>"; };
		1C082E5CD493754C79D27915 /* Pods-ThaiAlert.release.xcconfig */ = {isa = PBXFileReference; includeInIndex = 1; lastKnownFileType = text.xcconfig; name = "Pods-ThaiAlert.release.xcconfig"; path = "Pods/Target Support Files/Pods-ThaiAlert/Pods-ThaiAlert.release.xcconfig"; sourceTree = "<group>"; };
		1C613A4702724DCEA75DE99B /* Prompt-Black.ttf */ = {isa = PBXFileReference; explicitFileType = undefined; fileEncoding = 9; includeInIndex = 0; lastKnownFileType = unknown; name = "Prompt-Black.ttf"; path = "../assets/fonts/Prompt-Black.ttf"; sourceTree = "<group>"; };
		2A5A2CDAFEC2486EA4268877 /* Prompt-SemiBoldItalic.ttf */ = {isa = PBXFileReference; explicitFileType = undefined; fileEncoding = 9; includeInIndex = 0; lastKnownFileType = unknown; name = "Prompt-SemiBoldItalic.ttf"; path = "../assets/fonts/Prompt-SemiBoldItalic.ttf"; sourceTree = "<group>"; };
		2C560D9E35F5B687BFB4C020 /* Pods-ThaiAlert.release.xcconfig */ = {isa = PBXFileReference; includeInIndex = 1; lastKnownFileType = text.xcconfig; name = "Pods-ThaiAlert.release.xcconfig"; path = "Pods/Target Support Files/Pods-ThaiAlert/Pods-ThaiAlert.release.xcconfig"; sourceTree = "<group>"; };
		2D16E6891FA4F8E400B85C8A /* libReact.a */ = {isa = PBXFileReference; explicitFileType = archive.ar; path = libReact.a; sourceTree = BUILT_PRODUCTS_DIR; };
		2F6E9B653B044F4FA57E152F /* Prompt-ThinItalic.ttf */ = {isa = PBXFileReference; explicitFileType = undefined; fileEncoding = 9; includeInIndex = 0; lastKnownFileType = unknown; name = "Prompt-ThinItalic.ttf"; path = "../assets/fonts/Prompt-ThinItalic.ttf"; sourceTree = "<group>"; };
		34D30D4613263368EC35BA01 /* Pods-ThaiAlert.debug.xcconfig */ = {isa = PBXFileReference; includeInIndex = 1; lastKnownFileType = text.xcconfig; name = "Pods-ThaiAlert.debug.xcconfig"; path = "Pods/Target Support Files/Pods-ThaiAlert/Pods-ThaiAlert.debug.xcconfig"; sourceTree = "<group>"; };
		3F5543A345A54E0796816BBF /* Prompt-MediumItalic.ttf */ = {isa = PBXFileReference; explicitFileType = undefined; fileEncoding = 9; includeInIndex = 0; lastKnownFileType = unknown; name = "Prompt-MediumItalic.ttf"; path = "../assets/fonts/Prompt-MediumItalic.ttf"; sourceTree = "<group>"; };
		437322D981D2467BA31FC7FD /* Prompt-ExtraLight.ttf */ = {isa = PBXFileReference; explicitFileType = undefined; fileEncoding = 9; includeInIndex = 0; lastKnownFileType = unknown; name = "Prompt-ExtraLight.ttf"; path = "../assets/fonts/Prompt-ExtraLight.ttf"; sourceTree = "<group>"; };
		4DD441D0C38B4FF8B5740C5D /* Prompt-Thin.ttf */ = {isa = PBXFileReference; explicitFileType = undefined; fileEncoding = 9; includeInIndex = 0; lastKnownFileType = unknown; name = "Prompt-Thin.ttf"; path = "../assets/fonts/Prompt-Thin.ttf"; sourceTree = "<group>"; };
		4EFCC0FF17D042048ECFFD23 /* Prompt.ttf */ = {isa = PBXFileReference; explicitFileType = undefined; fileEncoding = 9; includeInIndex = 0; lastKnownFileType = unknown; name = Prompt.ttf; path = ../assets/fonts/Prompt.ttf; sourceTree = "<group>"; };
		59734E132FCC4616AE67D544 /* libz.tbd */ = {isa = PBXFileReference; explicitFileType = undefined; fileEncoding = 9; includeInIndex = 0; lastKnownFileType = "sourcecode.text-based-dylib-definition"; name = libz.tbd; path = usr/lib/libz.tbd; sourceTree = SDKROOT; };
		6753B51E68A04ABD984F59EF /* Prompt-Bold.ttf */ = {isa = PBXFileReference; explicitFileType = undefined; fileEncoding = 9; includeInIndex = 0; lastKnownFileType = unknown; name = "Prompt-Bold.ttf"; path = "../assets/fonts/Prompt-Bold.ttf"; sourceTree = "<group>"; };
		6C8E1FFC3A5E48B8998E54C4 /* Prompt-Regular.ttf */ = {isa = PBXFileReference; explicitFileType = undefined; fileEncoding = 9; includeInIndex = 0; lastKnownFileType = unknown; name = "Prompt-Regular.ttf"; path = "../assets/fonts/Prompt-Regular.ttf"; sourceTree = "<group>"; };
		775792EF0A3F478E979586E4 /* Prompt-ExtraLightItalic.ttf */ = {isa = PBXFileReference; explicitFileType = undefined; fileEncoding = 9; includeInIndex = 0; lastKnownFileType = unknown; name = "Prompt-ExtraLightItalic.ttf"; path = "../assets/fonts/Prompt-ExtraLightItalic.ttf"; sourceTree = "<group>"; };
		7882F728D05D4C1E92C77C02 /* Prompt-BlackItalic.ttf */ = {isa = PBXFileReference; explicitFileType = undefined; fileEncoding = 9; includeInIndex = 0; lastKnownFileType = unknown; name = "Prompt-BlackItalic.ttf"; path = "../assets/fonts/Prompt-BlackItalic.ttf"; sourceTree = "<group>"; };
		839C411C23084F93008AF109 /* RNBackgroundFetch+AppDelegate.m */ = {isa = PBXFileReference; fileEncoding = 4; lastKnownFileType = sourcecode.c.objc; name = "RNBackgroundFetch+AppDelegate.m"; path = "../node_modules/react-native-background-fetch/ios/RNBackgroundFetch/RNBackgroundFetch+AppDelegate.m"; sourceTree = "<group>"; };
		98138CBE0C1C42268A70FD98 /* Prompt-Italic.ttf */ = {isa = PBXFileReference; explicitFileType = undefined; fileEncoding = 9; includeInIndex = 0; lastKnownFileType = unknown; name = "Prompt-Italic.ttf"; path = "../assets/fonts/Prompt-Italic.ttf"; sourceTree = "<group>"; };
		AC3B637179884E92FD6A084B /* Pods-ThaiAlert.debug.xcconfig */ = {isa = PBXFileReference; includeInIndex = 1; lastKnownFileType = text.xcconfig; name = "Pods-ThaiAlert.debug.xcconfig"; path = "Pods/Target Support Files/Pods-ThaiAlert/Pods-ThaiAlert.debug.xcconfig"; sourceTree = "<group>"; };
		AFD13135D063CB2AF1642B7E /* libPods-ThaiAlert.a */ = {isa = PBXFileReference; explicitFileType = archive.ar; includeInIndex = 0; path = "libPods-ThaiAlert.a"; sourceTree = BUILT_PRODUCTS_DIR; };
		B1DC8D8810EF48428CC97DA6 /* Prompt-Light.ttf */ = {isa = PBXFileReference; explicitFileType = undefined; fileEncoding = 9; includeInIndex = 0; lastKnownFileType = unknown; name = "Prompt-Light.ttf"; path = "../assets/fonts/Prompt-Light.ttf"; sourceTree = "<group>"; };
		D9790A306A14407D95088CA1 /* Prompt-LightItalic.ttf */ = {isa = PBXFileReference; explicitFileType = undefined; fileEncoding = 9; includeInIndex = 0; lastKnownFileType = unknown; name = "Prompt-LightItalic.ttf"; path = "../assets/fonts/Prompt-LightItalic.ttf"; sourceTree = "<group>"; };
		D988E8EE24301732009500DC /* Launch Screen.storyboard */ = {isa = PBXFileReference; lastKnownFileType = file.storyboard; path = "Launch Screen.storyboard"; sourceTree = "<group>"; };
		F27A3CF1E48C46D6BE032711 /* Prompt-SemiBold.ttf */ = {isa = PBXFileReference; explicitFileType = undefined; fileEncoding = 9; includeInIndex = 0; lastKnownFileType = unknown; name = "Prompt-SemiBold.ttf"; path = "../assets/fonts/Prompt-SemiBold.ttf"; sourceTree = "<group>"; };
/* End PBXFileReference section */

/* Begin PBXFrameworksBuildPhase section */
		13B07F8C1A680F5B00A75B9A /* Frameworks */ = {
			isa = PBXFrameworksBuildPhase;
			buildActionMask = 2147483647;
			files = (
				B4669962E2DE800A477E7034 /* libPods-ThaiAlert.a in Frameworks */,
				9061E0BAF85344DF89EE3628 /* libz.tbd in Frameworks */,
			);
			runOnlyForDeploymentPostprocessing = 0;
		};
/* End PBXFrameworksBuildPhase section */

/* Begin PBXGroup section */
		00E356EF1AD99517003FC87E /* ThaiAlertTests */ = {
			isa = PBXGroup;
			children = (
				00E356F21AD99517003FC87E /* ThaiAlertTests.m */,
				00E356F01AD99517003FC87E /* Supporting Files */,
			);
			path = ThaiAlertTests;
			sourceTree = "<group>";
		};
		00E356F01AD99517003FC87E /* Supporting Files */ = {
			isa = PBXGroup;
			children = (
				00E356F11AD99517003FC87E /* Info.plist */,
			);
			name = "Supporting Files";
			sourceTree = "<group>";
		};
		13B07FAE1A68108700A75B9A /* ThaiAlert */ = {
			isa = PBXGroup;
			children = (
				839C411C23084F93008AF109 /* RNBackgroundFetch+AppDelegate.m */,
				008F07F21AC5B25A0029DE68 /* main.jsbundle */,
				13B07FAF1A68108700A75B9A /* AppDelegate.h */,
				13B07FB01A68108700A75B9A /* AppDelegate.m */,
				13B07FB51A68108700A75B9A /* Images.xcassets */,
				13B07FB61A68108700A75B9A /* Info.plist */,
				13B07FB71A68108700A75B9A /* main.m */,
				D988E8EE24301732009500DC /* Launch Screen.storyboard */,
			);
			name = ThaiAlert;
			sourceTree = "<group>";
		};
		2201A91E10FF9F9FE4862E82 /* Pods */ = {
			isa = PBXGroup;
			children = (
				34D30D4613263368EC35BA01 /* Pods-ThaiAlert.debug.xcconfig */,
				2C560D9E35F5B687BFB4C020 /* Pods-ThaiAlert.release.xcconfig */,
				AC3B637179884E92FD6A084B /* Pods-ThaiAlert.debug.xcconfig */,
				1C082E5CD493754C79D27915 /* Pods-ThaiAlert.release.xcconfig */,
			);
			name = Pods;
			sourceTree = "<group>";
		};
		2D16E6871FA4F8E400B85C8A /* Frameworks */ = {
			isa = PBXGroup;
			children = (
				2D16E6891FA4F8E400B85C8A /* libReact.a */,
				AFD13135D063CB2AF1642B7E /* libPods-ThaiAlert.a */,
				59734E132FCC4616AE67D544 /* libz.tbd */,
			);
			name = Frameworks;
			sourceTree = "<group>";
		};
		58F099B1EEBE456F99BE4A65 /* Resources */ = {
			isa = PBXGroup;
			children = (
				1C613A4702724DCEA75DE99B /* Prompt-Black.ttf */,
				7882F728D05D4C1E92C77C02 /* Prompt-BlackItalic.ttf */,
				6753B51E68A04ABD984F59EF /* Prompt-Bold.ttf */,
				0FDBC3A7DB8E4AA5AAC44D89 /* Prompt-BoldItalic.ttf */,
				0924E0AA06284895947A9058 /* Prompt-ExtraBold.ttf */,
				17E1D3226CB74158A6A1C6EC /* Prompt-ExtraBoldItalic.ttf */,
				437322D981D2467BA31FC7FD /* Prompt-ExtraLight.ttf */,
				775792EF0A3F478E979586E4 /* Prompt-ExtraLightItalic.ttf */,
				98138CBE0C1C42268A70FD98 /* Prompt-Italic.ttf */,
				B1DC8D8810EF48428CC97DA6 /* Prompt-Light.ttf */,
				D9790A306A14407D95088CA1 /* Prompt-LightItalic.ttf */,
				4EFCC0FF17D042048ECFFD23 /* Prompt.ttf */,
				3F5543A345A54E0796816BBF /* Prompt-MediumItalic.ttf */,
				6C8E1FFC3A5E48B8998E54C4 /* Prompt-Regular.ttf */,
				F27A3CF1E48C46D6BE032711 /* Prompt-SemiBold.ttf */,
				2A5A2CDAFEC2486EA4268877 /* Prompt-SemiBoldItalic.ttf */,
				4DD441D0C38B4FF8B5740C5D /* Prompt-Thin.ttf */,
				2F6E9B653B044F4FA57E152F /* Prompt-ThinItalic.ttf */,
			);
			name = Resources;
			sourceTree = "<group>";
		};
		832341AE1AAA6A7D00B99B32 /* Libraries */ = {
			isa = PBXGroup;
			children = (
			);
			name = Libraries;
			sourceTree = "<group>";
		};
		83945892212477D5002AB207 /* Recovered References */ = {
			isa = PBXGroup;
			children = (
			);
			name = "Recovered References";
			sourceTree = "<group>";
		};
		83CBB9F61A601CBA00E9B192 = {
			isa = PBXGroup;
			children = (
				13B07FAE1A68108700A75B9A /* ThaiAlert */,
				832341AE1AAA6A7D00B99B32 /* Libraries */,
				00E356EF1AD99517003FC87E /* ThaiAlertTests */,
				83CBBA001A601CBA00E9B192 /* Products */,
				2D16E6871FA4F8E400B85C8A /* Frameworks */,
				2201A91E10FF9F9FE4862E82 /* Pods */,
				83945892212477D5002AB207 /* Recovered References */,
				58F099B1EEBE456F99BE4A65 /* Resources */,
			);
			indentWidth = 2;
			sourceTree = "<group>";
			tabWidth = 2;
			usesTabs = 0;
		};
		83CBBA001A601CBA00E9B192 /* Products */ = {
			isa = PBXGroup;
			children = (
				13B07F961A680F5B00A75B9A /* ThaiAlert.app */,
			);
			name = Products;
			sourceTree = "<group>";
		};
/* End PBXGroup section */

/* Begin PBXNativeTarget section */
		13B07F861A680F5B00A75B9A /* ThaiAlert */ = {
			isa = PBXNativeTarget;
			buildConfigurationList = 13B07F931A680F5B00A75B9A /* Build configuration list for PBXNativeTarget "ThaiAlert" */;
			buildPhases = (
				C348553810805325C154C607 /* [CP] Check Pods Manifest.lock */,
				13B07F871A680F5B00A75B9A /* Sources */,
				13B07F8C1A680F5B00A75B9A /* Frameworks */,
				13B07F8E1A680F5B00A75B9A /* Resources */,
				00DD1BFF1BD5951E006B06BC /* Bundle React Native code and images */,
				839C280B22D65FFB00BD4FDC /* ShellScript */,
				8FF8B7A04A4244C4A1FEE396 /* Upload Debug Symbols to Sentry */,
				A111D5916BF9A594A63CDD77 /* [CP] Copy Pods Resources */,
			);
			buildRules = (
			);
			dependencies = (
			);
			name = ThaiAlert;
			productName = "Hello World";
			productReference = 13B07F961A680F5B00A75B9A /* ThaiAlert.app */;
			productType = "com.apple.product-type.application";
		};
/* End PBXNativeTarget section */

/* Begin PBXProject section */
		83CBB9F71A601CBA00E9B192 /* Project object */ = {
			isa = PBXProject;
			attributes = {
				LastUpgradeCheck = 1130;
				ORGANIZATIONNAME = Facebook;
				TargetAttributes = {
					13B07F861A680F5B00A75B9A = {
						DevelopmentTeam = QF457V8Y87;
						ProvisioningStyle = Automatic;
					};
				};
			};
			buildConfigurationList = 83CBB9FA1A601CBA00E9B192 /* Build configuration list for PBXProject "ThaiAlert" */;
			compatibilityVersion = "Xcode 3.2";
			developmentRegion = English;
			hasScannedForEncodings = 0;
			knownRegions = (
				English,
				en,
				Base,
			);
			mainGroup = 83CBB9F61A601CBA00E9B192;
			productRefGroup = 83CBBA001A601CBA00E9B192 /* Products */;
			projectDirPath = "";
			projectRoot = "";
			targets = (
				13B07F861A680F5B00A75B9A /* ThaiAlert */,
			);
		};
/* End PBXProject section */

/* Begin PBXResourcesBuildPhase section */
		13B07F8E1A680F5B00A75B9A /* Resources */ = {
			isa = PBXResourcesBuildPhase;
			buildActionMask = 2147483647;
			files = (
				13B07FBF1A68108700A75B9A /* Images.xcassets in Resources */,
				0D692DC7853D4DECB9968597 /* (null) in Resources */,
				4C1692EF69BA47D0AE7B9A4E /* (null) in Resources */,
				05F0DC7D215A492BA2BF38DB /* (null) in Resources */,
				940E7B116F054DAB9980A809 /* (null) in Resources */,
				97A91DC475884C64BD64FB51 /* (null) in Resources */,
				081C5DCBAF7747F29143A7B2 /* (null) in Resources */,
				3ED53526BC8045809EFADEEF /* (null) in Resources */,
				D988E8EF24301732009500DC /* Launch Screen.storyboard in Resources */,
				D9A1677C4B1A4B2086735166 /* (null) in Resources */,
				6D733537F7FC4405A008E6D8 /* (null) in Resources */,
				FC83681864C942E3839E94D1 /* (null) in Resources */,
				BC81F525AE454F1A852B2534 /* (null) in Resources */,
				77C6E1BCB5F14FB9BE4FF235 /* (null) in Resources */,
				99ECEB03AC804ABD9CEB0E85 /* (null) in Resources */,
				EF158EC2AE9B44499DED0589 /* (null) in Resources */,
				EF2EF421FB4C4364A32726BD /* (null) in Resources */,
				08A37DCBF1874DDB821E96E2 /* (null) in Resources */,
				CEB9E88018834E95A877D93B /* (null) in Resources */,
				E73A414341994E54A32BB718 /* (null) in Resources */,
				1DBA43B09B7742CAA3336A3B /* Prompt-Black.ttf in Resources */,
				A0FAD7A3E7E64112A5B2FC3F /* Prompt-BlackItalic.ttf in Resources */,
				F2B20B08EF5A46C8A27524A9 /* Prompt-Bold.ttf in Resources */,
				F977A24453654EE392236A12 /* Prompt-BoldItalic.ttf in Resources */,
				08893D91E8324F20A1CB7B99 /* Prompt-ExtraBold.ttf in Resources */,
				E7064FF4ED4F45BCADE462EA /* Prompt-ExtraBoldItalic.ttf in Resources */,
				ADB4F028F5C44E0FBB866170 /* Prompt-ExtraLight.ttf in Resources */,
				3FD7302BFC714FC8B4FD38C7 /* Prompt-ExtraLightItalic.ttf in Resources */,
				EA9D60E8AFD549DB80919AE4 /* Prompt-Italic.ttf in Resources */,
				CECB959EEA9442C8B56609BE /* Prompt-Light.ttf in Resources */,
				6F72F9111FEA4322AE8452B4 /* Prompt-LightItalic.ttf in Resources */,
				1DC5DD5C64BE4DB6876498B2 /* Prompt.ttf in Resources */,
				B85CF3C06DDE463FB58A9D3A /* Prompt-MediumItalic.ttf in Resources */,
				4D1976E30D784C199790D1A9 /* Prompt-Regular.ttf in Resources */,
				FB49C6F0AA654674A730551E /* Prompt-SemiBold.ttf in Resources */,
				29D436AE6EBE4A3D9033902A /* Prompt-SemiBoldItalic.ttf in Resources */,
				E0F298E8D5F44083A6E4664B /* Prompt-Thin.ttf in Resources */,
				307C8B58159647B7928EF803 /* Prompt-ThinItalic.ttf in Resources */,
			);
			runOnlyForDeploymentPostprocessing = 0;
		};
/* End PBXResourcesBuildPhase section */

/* Begin PBXShellScriptBuildPhase section */
		00DD1BFF1BD5951E006B06BC /* Bundle React Native code and images */ = {
			isa = PBXShellScriptBuildPhase;
			buildActionMask = 2147483647;
			files = (
			);
			inputPaths = (
			);
			name = "Bundle React Native code and images";
			outputPaths = (
			);
			runOnlyForDeploymentPostprocessing = 0;
			shellPath = /bin/sh;
			shellScript = "export SENTRY_PROPERTIES=sentry.properties\nexport NODE_BINARY=node\n../node_modules/@sentry/cli/bin/sentry-cli react-native xcode ../node_modules/react-native/scripts/react-native-xcode.sh\n";
		};
		839C280B22D65FFB00BD4FDC /* ShellScript */ = {
			isa = PBXShellScriptBuildPhase;
			buildActionMask = 2147483647;
			files = (
			);
			inputFileListPaths = (
			);
			inputPaths = (
			);
			outputFileListPaths = (
			);
			outputPaths = (
			);
			runOnlyForDeploymentPostprocessing = 0;
			shellPath = /bin/sh;
			shellScript = "export RCT_METRO_PORT=\"${RCT_METRO_PORT:=8081}\"\necho \"export RCT_METRO_PORT=${RCT_METRO_PORT}\" > \"${SRCROOT}/../node_modules/react-native/scripts/.packager.env\"\nif [ -z \"${RCT_NO_LAUNCH_PACKAGER+xxx}\" ] ; then\nif nc -w 5 -z localhost ${RCT_METRO_PORT} ; then\nif ! curl -s \"http://localhost:${RCT_METRO_PORT}/status\" | grep -q \"packager-status:running\" ; then\necho \"Port ${RCT_METRO_PORT} already in use, packager is either not running or not running correctly\"\nexit 2\nfi\nelse\nopen \"$SRCROOT/../node_modules/react-native/scripts/launchPackager.command\" || echo \"Can't start packager automatically\"\nfi\nfi\n";
		};
		8FF8B7A04A4244C4A1FEE396 /* Upload Debug Symbols to Sentry */ = {
			isa = PBXShellScriptBuildPhase;
			buildActionMask = 2147483647;
			files = (
			);
			inputPaths = (
			);
			name = "Upload Debug Symbols to Sentry";
			outputPaths = (
			);
			runOnlyForDeploymentPostprocessing = 0;
			shellPath = /bin/sh;
			shellScript = "export SENTRY_PROPERTIES=sentry.properties\n../node_modules/@sentry/cli/bin/sentry-cli upload-dsym";
		};
		A111D5916BF9A594A63CDD77 /* [CP] Copy Pods Resources */ = {
			isa = PBXShellScriptBuildPhase;
			buildActionMask = 2147483647;
			files = (
			);
			inputPaths = (
				"${PODS_ROOT}/Target Support Files/Pods-ThaiAlert/Pods-ThaiAlert-resources.sh",
				"${PODS_ROOT}/../../node_modules/react-native-vector-icons/Fonts/AntDesign.ttf",
				"${PODS_ROOT}/../../node_modules/react-native-vector-icons/Fonts/Entypo.ttf",
				"${PODS_ROOT}/../../node_modules/react-native-vector-icons/Fonts/EvilIcons.ttf",
				"${PODS_ROOT}/../../node_modules/react-native-vector-icons/Fonts/Feather.ttf",
				"${PODS_ROOT}/../../node_modules/react-native-vector-icons/Fonts/FontAwesome.ttf",
				"${PODS_ROOT}/../../node_modules/react-native-vector-icons/Fonts/FontAwesome5_Brands.ttf",
				"${PODS_ROOT}/../../node_modules/react-native-vector-icons/Fonts/FontAwesome5_Regular.ttf",
				"${PODS_ROOT}/../../node_modules/react-native-vector-icons/Fonts/FontAwesome5_Solid.ttf",
				"${PODS_ROOT}/../../node_modules/react-native-vector-icons/Fonts/Fontisto.ttf",
				"${PODS_ROOT}/../../node_modules/react-native-vector-icons/Fonts/Foundation.ttf",
				"${PODS_ROOT}/../../node_modules/react-native-vector-icons/Fonts/Ionicons.ttf",
				"${PODS_ROOT}/../../node_modules/react-native-vector-icons/Fonts/MaterialCommunityIcons.ttf",
				"${PODS_ROOT}/../../node_modules/react-native-vector-icons/Fonts/MaterialIcons.ttf",
				"${PODS_ROOT}/../../node_modules/react-native-vector-icons/Fonts/Octicons.ttf",
				"${PODS_ROOT}/../../node_modules/react-native-vector-icons/Fonts/SimpleLineIcons.ttf",
				"${PODS_ROOT}/../../node_modules/react-native-vector-icons/Fonts/Zocial.ttf",
			);
			name = "[CP] Copy Pods Resources";
			outputPaths = (
				"${TARGET_BUILD_DIR}/${UNLOCALIZED_RESOURCES_FOLDER_PATH}/AntDesign.ttf",
				"${TARGET_BUILD_DIR}/${UNLOCALIZED_RESOURCES_FOLDER_PATH}/Entypo.ttf",
				"${TARGET_BUILD_DIR}/${UNLOCALIZED_RESOURCES_FOLDER_PATH}/EvilIcons.ttf",
				"${TARGET_BUILD_DIR}/${UNLOCALIZED_RESOURCES_FOLDER_PATH}/Feather.ttf",
				"${TARGET_BUILD_DIR}/${UNLOCALIZED_RESOURCES_FOLDER_PATH}/FontAwesome.ttf",
				"${TARGET_BUILD_DIR}/${UNLOCALIZED_RESOURCES_FOLDER_PATH}/FontAwesome5_Brands.ttf",
				"${TARGET_BUILD_DIR}/${UNLOCALIZED_RESOURCES_FOLDER_PATH}/FontAwesome5_Regular.ttf",
				"${TARGET_BUILD_DIR}/${UNLOCALIZED_RESOURCES_FOLDER_PATH}/FontAwesome5_Solid.ttf",
				"${TARGET_BUILD_DIR}/${UNLOCALIZED_RESOURCES_FOLDER_PATH}/Fontisto.ttf",
				"${TARGET_BUILD_DIR}/${UNLOCALIZED_RESOURCES_FOLDER_PATH}/Foundation.ttf",
				"${TARGET_BUILD_DIR}/${UNLOCALIZED_RESOURCES_FOLDER_PATH}/Ionicons.ttf",
				"${TARGET_BUILD_DIR}/${UNLOCALIZED_RESOURCES_FOLDER_PATH}/MaterialCommunityIcons.ttf",
				"${TARGET_BUILD_DIR}/${UNLOCALIZED_RESOURCES_FOLDER_PATH}/MaterialIcons.ttf",
				"${TARGET_BUILD_DIR}/${UNLOCALIZED_RESOURCES_FOLDER_PATH}/Octicons.ttf",
				"${TARGET_BUILD_DIR}/${UNLOCALIZED_RESOURCES_FOLDER_PATH}/SimpleLineIcons.ttf",
				"${TARGET_BUILD_DIR}/${UNLOCALIZED_RESOURCES_FOLDER_PATH}/Zocial.ttf",
			);
			runOnlyForDeploymentPostprocessing = 0;
			shellPath = /bin/sh;
			shellScript = "\"${PODS_ROOT}/Target Support Files/Pods-ThaiAlert/Pods-ThaiAlert-resources.sh\"\n";
			showEnvVarsInLog = 0;
		};
		C348553810805325C154C607 /* [CP] Check Pods Manifest.lock */ = {
			isa = PBXShellScriptBuildPhase;
			buildActionMask = 2147483647;
			files = (
			);
			inputPaths = (
				"${PODS_PODFILE_DIR_PATH}/Podfile.lock",
				"${PODS_ROOT}/Manifest.lock",
			);
			name = "[CP] Check Pods Manifest.lock";
			outputPaths = (
				"$(DERIVED_FILE_DIR)/Pods-ThaiAlert-checkManifestLockResult.txt",
			);
			runOnlyForDeploymentPostprocessing = 0;
			shellPath = /bin/sh;
			shellScript = "diff \"${PODS_PODFILE_DIR_PATH}/Podfile.lock\" \"${PODS_ROOT}/Manifest.lock\" > /dev/null\nif [ $? != 0 ] ; then\n    # print error to STDERR\n    echo \"error: The sandbox is not in sync with the Podfile.lock. Run 'pod install' or update your CocoaPods installation.\" >&2\n    exit 1\nfi\n# This output is used by Xcode 'outputs' to avoid re-running this script phase.\necho \"SUCCESS\" > \"${SCRIPT_OUTPUT_FILE_0}\"\n";
			showEnvVarsInLog = 0;
		};
/* End PBXShellScriptBuildPhase section */

/* Begin PBXSourcesBuildPhase section */
		13B07F871A680F5B00A75B9A /* Sources */ = {
			isa = PBXSourcesBuildPhase;
			buildActionMask = 2147483647;
			files = (
				839C411D23084F93008AF109 /* RNBackgroundFetch+AppDelegate.m in Sources */,
				13B07FBC1A68108700A75B9A /* AppDelegate.m in Sources */,
				13B07FC11A68108700A75B9A /* main.m in Sources */,
			);
			runOnlyForDeploymentPostprocessing = 0;
		};
/* End PBXSourcesBuildPhase section */

/* Begin XCBuildConfiguration section */
		13B07F941A680F5B00A75B9A /* Debug */ = {
			isa = XCBuildConfiguration;
			baseConfigurationReference = AC3B637179884E92FD6A084B /* Pods-ThaiAlert.debug.xcconfig */;
			buildSettings = {
				ASSETCATALOG_COMPILER_APPICON_NAME = TAAppIcon;
				CODE_SIGN_IDENTITY = "Apple Development";
				CODE_SIGN_STYLE = Automatic;
				CURRENT_PROJECT_VERSION = 3;
				DEAD_CODE_STRIPPING = NO;
				DEVELOPMENT_TEAM = QF457V8Y87;
				FRAMEWORK_SEARCH_PATHS = "$(inherited)";
				HEADER_SEARCH_PATHS = "$(inherited)";
				INFOPLIST_FILE = ThaiAlert/Info.plist;
				LD_RUNPATH_SEARCH_PATHS = "$(inherited) @executable_path/Frameworks";
				MARKETING_VERSION = 1.0.2;
				OTHER_LDFLAGS = (
					"$(inherited)",
					"-ObjC",
					"-lc++",
				);
				PRODUCT_BUNDLE_IDENTIFIER = com.cleverse.thaialert;
				PRODUCT_NAME = ThaiAlert;
				PROVISIONING_PROFILE_SPECIFIER = "";
				VERSIONING_SYSTEM = "apple-generic";
			};
			name = Debug;
		};
		13B07F951A680F5B00A75B9A /* Release */ = {
			isa = XCBuildConfiguration;
			baseConfigurationReference = 1C082E5CD493754C79D27915 /* Pods-ThaiAlert.release.xcconfig */;
			buildSettings = {
				ASSETCATALOG_COMPILER_APPICON_NAME = TAAppIcon;
				CODE_SIGN_IDENTITY = "Apple Development";
				CODE_SIGN_STYLE = Automatic;
				CURRENT_PROJECT_VERSION = 3;
				DEAD_CODE_STRIPPING = YES;
				DEVELOPMENT_TEAM = QF457V8Y87;
				FRAMEWORK_SEARCH_PATHS = "$(inherited)";
				HEADER_SEARCH_PATHS = "$(inherited)";
				INFOPLIST_FILE = ThaiAlert/Info.plist;
				LD_RUNPATH_SEARCH_PATHS = "$(inherited) @executable_path/Frameworks";
				MARKETING_VERSION = 1.0.2;
				OTHER_LDFLAGS = (
					"$(inherited)",
					"-ObjC",
					"-lc++",
				);
				PRODUCT_BUNDLE_IDENTIFIER = com.cleverse.thaialert;
				PRODUCT_NAME = ThaiAlert;
				PROVISIONING_PROFILE_SPECIFIER = "";
				VERSIONING_SYSTEM = "apple-generic";
			};
			name = Release;
		};
		83CBBA201A601CBA00E9B192 /* Debug */ = {
			isa = XCBuildConfiguration;
			buildSettings = {
				ALWAYS_SEARCH_USER_PATHS = NO;
				CLANG_ANALYZER_LOCALIZABILITY_NONLOCALIZED = YES;
				CLANG_CXX_LANGUAGE_STANDARD = "gnu++0x";
				CLANG_CXX_LIBRARY = "libc++";
				CLANG_ENABLE_MODULES = YES;
				CLANG_ENABLE_OBJC_ARC = YES;
				CLANG_WARN_BLOCK_CAPTURE_AUTORELEASING = YES;
				CLANG_WARN_BOOL_CONVERSION = YES;
				CLANG_WARN_COMMA = YES;
				CLANG_WARN_CONSTANT_CONVERSION = YES;
				CLANG_WARN_DEPRECATED_OBJC_IMPLEMENTATIONS = YES;
				CLANG_WARN_DIRECT_OBJC_ISA_USAGE = YES_ERROR;
				CLANG_WARN_EMPTY_BODY = YES;
				CLANG_WARN_ENUM_CONVERSION = YES;
				CLANG_WARN_INFINITE_RECURSION = YES;
				CLANG_WARN_INT_CONVERSION = YES;
				CLANG_WARN_NON_LITERAL_NULL_CONVERSION = YES;
				CLANG_WARN_OBJC_IMPLICIT_RETAIN_SELF = YES;
				CLANG_WARN_OBJC_LITERAL_CONVERSION = YES;
				CLANG_WARN_OBJC_ROOT_CLASS = YES_ERROR;
				CLANG_WARN_RANGE_LOOP_ANALYSIS = YES;
				CLANG_WARN_STRICT_PROTOTYPES = YES;
				CLANG_WARN_SUSPICIOUS_MOVE = YES;
				CLANG_WARN_UNREACHABLE_CODE = YES;
				CLANG_WARN__DUPLICATE_METHOD_MATCH = YES;
				"CODE_SIGN_IDENTITY[sdk=iphoneos*]" = "iPhone Developer";
				COPY_PHASE_STRIP = NO;
				ENABLE_STRICT_OBJC_MSGSEND = YES;
				ENABLE_TESTABILITY = YES;
				GCC_C_LANGUAGE_STANDARD = gnu99;
				GCC_DYNAMIC_NO_PIC = NO;
				GCC_NO_COMMON_BLOCKS = YES;
				GCC_OPTIMIZATION_LEVEL = 0;
				GCC_PREPROCESSOR_DEFINITIONS = (
					"DEBUG=1",
					"$(inherited)",
				);
				GCC_SYMBOLS_PRIVATE_EXTERN = NO;
				GCC_WARN_64_TO_32_BIT_CONVERSION = YES;
				GCC_WARN_ABOUT_RETURN_TYPE = YES_ERROR;
				GCC_WARN_UNDECLARED_SELECTOR = YES;
				GCC_WARN_UNINITIALIZED_AUTOS = YES_AGGRESSIVE;
				GCC_WARN_UNUSED_FUNCTION = YES;
				GCC_WARN_UNUSED_VARIABLE = YES;
				IPHONEOS_DEPLOYMENT_TARGET = 9.0;
				MTL_ENABLE_DEBUG_INFO = YES;
				ONLY_ACTIVE_ARCH = YES;
				SDKROOT = iphoneos;
			};
			name = Debug;
		};
		83CBBA211A601CBA00E9B192 /* Release */ = {
			isa = XCBuildConfiguration;
			buildSettings = {
				ALWAYS_SEARCH_USER_PATHS = NO;
				CLANG_ANALYZER_LOCALIZABILITY_NONLOCALIZED = YES;
				CLANG_CXX_LANGUAGE_STANDARD = "gnu++0x";
				CLANG_CXX_LIBRARY = "libc++";
				CLANG_ENABLE_MODULES = YES;
				CLANG_ENABLE_OBJC_ARC = YES;
				CLANG_WARN_BLOCK_CAPTURE_AUTORELEASING = YES;
				CLANG_WARN_BOOL_CONVERSION = YES;
				CLANG_WARN_COMMA = YES;
				CLANG_WARN_CONSTANT_CONVERSION = YES;
				CLANG_WARN_DEPRECATED_OBJC_IMPLEMENTATIONS = YES;
				CLANG_WARN_DIRECT_OBJC_ISA_USAGE = YES_ERROR;
				CLANG_WARN_EMPTY_BODY = YES;
				CLANG_WARN_ENUM_CONVERSION = YES;
				CLANG_WARN_INFINITE_RECURSION = YES;
				CLANG_WARN_INT_CONVERSION = YES;
				CLANG_WARN_NON_LITERAL_NULL_CONVERSION = YES;
				CLANG_WARN_OBJC_IMPLICIT_RETAIN_SELF = YES;
				CLANG_WARN_OBJC_LITERAL_CONVERSION = YES;
				CLANG_WARN_OBJC_ROOT_CLASS = YES_ERROR;
				CLANG_WARN_RANGE_LOOP_ANALYSIS = YES;
				CLANG_WARN_STRICT_PROTOTYPES = YES;
				CLANG_WARN_SUSPICIOUS_MOVE = YES;
				CLANG_WARN_UNREACHABLE_CODE = YES;
				CLANG_WARN__DUPLICATE_METHOD_MATCH = YES;
				"CODE_SIGN_IDENTITY[sdk=iphoneos*]" = "iPhone Developer";
				COPY_PHASE_STRIP = YES;
				ENABLE_NS_ASSERTIONS = NO;
				ENABLE_STRICT_OBJC_MSGSEND = YES;
				GCC_C_LANGUAGE_STANDARD = gnu99;
				GCC_NO_COMMON_BLOCKS = YES;
				GCC_WARN_64_TO_32_BIT_CONVERSION = YES;
				GCC_WARN_ABOUT_RETURN_TYPE = YES_ERROR;
				GCC_WARN_UNDECLARED_SELECTOR = YES;
				GCC_WARN_UNINITIALIZED_AUTOS = YES_AGGRESSIVE;
				GCC_WARN_UNUSED_FUNCTION = YES;
				GCC_WARN_UNUSED_VARIABLE = YES;
				IPHONEOS_DEPLOYMENT_TARGET = 9.0;
				MTL_ENABLE_DEBUG_INFO = NO;
				SDKROOT = iphoneos;
				VALIDATE_PRODUCT = YES;
			};
			name = Release;
		};
/* End XCBuildConfiguration section */

/* Begin XCConfigurationList section */
		13B07F931A680F5B00A75B9A /* Build configuration list for PBXNativeTarget "ThaiAlert" */ = {
			isa = XCConfigurationList;
			buildConfigurations = (
				13B07F941A680F5B00A75B9A /* Debug */,
				13B07F951A680F5B00A75B9A /* Release */,
			);
			defaultConfigurationIsVisible = 0;
			defaultConfigurationName = Release;
		};
		83CBB9FA1A601CBA00E9B192 /* Build configuration list for PBXProject "ThaiAlert" */ = {
			isa = XCConfigurationList;
			buildConfigurations = (
				83CBBA201A601CBA00E9B192 /* Debug */,
				83CBBA211A601CBA00E9B192 /* Release */,
			);
			defaultConfigurationIsVisible = 0;
			defaultConfigurationName = Release;
		};
/* End XCConfigurationList section */
	};
	rootObject = 83CBB9F71A601CBA00E9B192 /* Project object */;
}
